
Microsoft Visual Studio Solution File, Format Version 12.00
# Visual Studio Version 17
VisualStudioVersion = 17.4.33213.308
MinimumVisualStudioVersion = 10.0.40219.1
Project("{FAE04EC0-301F-11D3-BF4B-00C04F79EFBC}") = "DAL", "DAL\DAL.csproj", "{E6706AA8-9D76-40B4-9C52-67A7683AE10F}"
EndProject
Project("{FAE04EC0-301F-11D3-BF4B-00C04F79EFBC}") = "BLL", "BLL\BLL.csproj", "{B5809596-98CE-4F87-9099-F988F29CBAB9}"
EndProject
Project("{FAE04EC0-301F-11D3-BF4B-00C04F79EFBC}") = "PL", "PL\PL.csproj", "{43ED108E-084E-4101-9EBC-0FA6FF702C36}"
EndProject
Global
	GlobalSection(SolutionConfigurationPlatforms) = preSolution
		Debug|Any CPU = Debug|Any CPU
		Release|Any CPU = Release|Any CPU
	EndGlobalSection
	GlobalSection(ProjectConfigurationPlatforms) = postSolution
		{E6706AA8-9D76-40B4-9C52-67A7683AE10F}.Debug|Any CPU.ActiveCfg = Debug|Any CPU
		{E6706AA8-9D76-40B4-9C52-67A7683AE10F}.Debug|Any CPU.Build.0 = Debug|Any CPU
		{E6706AA8-9D76-40B4-9C52-67A7683AE10F}.Release|Any CPU.ActiveCfg = Release|Any CPU
		{E6706AA8-9D76-40B4-9C52-67A7683AE10F}.Release|Any CPU.Build.0 = Release|Any CPU
		{B5809596-98CE-4F87-9099-F988F29CBAB9}.Debug|Any CPU.ActiveCfg = Debug|Any CPU
		{B5809596-98CE-4F87-9099-F988F29CBAB9}.Debug|Any CPU.Build.0 = Debug|Any CPU
		{B5809596-98CE-4F87-9099-F988F29CBAB9}.Release|Any CPU.ActiveCfg = Release|Any CPU
		{B5809596-98CE-4F87-9099-F988F29CBAB9}.Release|Any CPU.Build.0 = Release|Any CPU
		{43ED108E-084E-4101-9EBC-0FA6FF702C36}.Debug|Any CPU.ActiveCfg = Debug|Any CPU
		{43ED108E-084E-4101-9EBC-0FA6FF702C36}.Debug|Any CPU.Build.0 = Debug|Any CPU
		{43ED108E-084E-4101-9EBC-0FA6FF702C36}.Release|Any CPU.ActiveCfg = Release|Any CPU
		{43ED108E-084E-4101-9EBC-0FA6FF702C36}.Release|Any CPU.Build.0 = Release|Any CPU
	EndGlobalSection
	GlobalSection(SolutionProperties) = preSolution
		HideSolutionNode = FALSE
	EndGlobalSection
	GlobalSection(ExtensibilityGlobals) = postSolution
		SolutionGuid = {97CD215A-567E-4265-8234-FE9BC22834E2}
	EndGlobalSection
EndGlobal
